{
    "name": "mydate",
    "version": "0.0.1",
    "lockfileVersion": 3,
    "requires": true,
    "packages": {
        "": {
            "name": "mydate",
            "version": "0.0.1",
            "dependencies": {
                "mydate": "^1.0.2"
            },
            "engines": {
                "node": "*"
            }
        },
        "node_modules/mydate": {
            "version": "1.0.2",
            "resolved": "https://registry.npmjs.org/mydate/-/mydate-1.0.2.tgz",
            "integrity": "sha512-eBImK1RwsIyxknpbJE5+B6SDrWsnGz+oGLk2xP2GUvFiak6dVFt2NTyJmoRzYejhrZwoeaRwIHC7eEMS0MSDsQ==",
            "license": "ISC",
            "dependencies": {
                "myobject": "^1.0.0"
            }
        },
        "node_modules/myobject": {
            "version": "1.0.0",
            "resolved": "https://registry.npmjs.org/myobject/-/myobject-1.0.0.tgz",
            "integrity": "sha512-Jgiun65aYRi7bD+g/yK23Kpu5FLltKMBrnVggLajWfJVHXFIQl+Z1XrhTGdYJ/5QCvcZVoUlKjCcLuGmKETnfA==",
            "license": "ISC"
        }
    }
}
