{
    "name": "arith",
    "version": "0.0.1",
    "lockfileVersion": 3,
    "requires": true,
    "packages": {
        "": {
            "name": "arith",
            "version": "0.0.1",
            "dependencies": {
                "arith": "^1.0.0-beta.1"
            },
            "engines": {
                "node": "*"
            }
        },
        "node_modules/arith": {
            "version": "1.0.0-beta.1",
            "resolved": "https://registry.npmjs.org/arith/-/arith-1.0.0-beta.1.tgz",
            "integrity": "sha512-NYJJe8ZdVFIyPBBSb9iFrT5v/YPd2DMRjJObX7joCxtg+hgGRDYeGTLc4W/HBvFQ7siHtk4WXHXRzDANe/fFNw==",
            "license": "MIT"
        }
    }
}
